{
  "name": "smart-agriculture-platform",
  "version": "2.5.0",
  "lockfileVersion": 3,
  "requires": true,
  "packages": {
    "": {
      "name": "smart-agriculture-platform",
      "version": "2.5.0",
      "license": "MIT",
      "devDependencies": {
        "prettier": "^3.2.5",
        "typescript": "^5.3.3"
      }
    },
    "node_modules/prettier": {
      "version": "3.2.5",
      "resolved": "https://registry.npmjs.org/prettier/-/prettier-3.2.5.tgz",
      "integrity": "sha512-3/GWGRBeTJKBHZvQnegBrOUcgNoQCnsClaVMnpMoSTqIXzfMBGYjCE5RN23ZY4BGXAcPOgn+GYrmYUZKnZK2wQ==",
      "dev": true,
      "bin": {
        "prettier": "bin/prettier.cjs"
      },
      "engines": {
        "node": ">=14"
      }
    },
    "node_modules/typescript": {
      "version": "5.3.3",
      "resolved": "https://registry.npmjs.org/typescript/-/typescript-5.3.3.tgz",
      "integrity": "sha512-pXWcraxM0uxASDYNuUWnPKInTOubQV9TbPQpQrLW8skxEZEML5Am879NPojzt5/0bpt5ub09x2UvPSunOwjuvQ==",
      "dev": true,
      "bin": {
        "tsc": "bin/tsc",
        "tsserver": "bin/tsserver"
      },
      "engines": {
        "node": ">=14.17"
      }
    }
  }
}
