{
  "name": "agrisphere-mobile-scout",
  "version": "2.5.0",
  "lockfileVersion": 3,
  "requires": true,
  "packages": {
    "": {
      "name": "agrisphere-mobile-scout",
      "version": "2.5.0",
      "dependencies": {
        "@nozbe/watermelondb": "^0.27.1",
        "expo": "~51.0.0",
        "expo-camera": "~15.0.0",
        "expo-location": "~17.0.0",
        "react": "18.2.0",
        "react-native": "0.74.0"
      },
      "devDependencies": {
        "@types/react": "~18.2.45",
        "typescript": "~5.3.3"
      }
    }
  }
}
